
Microsoft Visual Studio Solution File, Format Version 12.00
# Visual Studio Version 17
VisualStudioVersion = 17.4.33213.308
MinimumVisualStudioVersion = 10.0.40219.1
Project("{FAE04EC0-301F-11D3-BF4B-00C04F79EFBC}") = "PRG455FInalProject", "PRG455FInalProject.csproj", "{B96DC518-2ABC-4223-85F8-A0F1697A6FAC}"
EndProject
Global
	GlobalSection(SolutionConfigurationPlatforms) = preSolution
		Debug|Any CPU = Debug|Any CPU
		Release|Any CPU = Release|Any CPU
	EndGlobalSection
	GlobalSection(ProjectConfigurationPlatforms) = postSolution
		{B96DC518-2ABC-4223-85F8-A0F1697A6FAC}.Debug|Any CPU.ActiveCfg = Debug|Any CPU
		{B96DC518-2ABC-4223-85F8-A0F1697A6FAC}.Debug|Any CPU.Build.0 = Debug|Any CPU
		{B96DC518-2ABC-4223-85F8-A0F1697A6FAC}.Release|Any CPU.ActiveCfg = Release|Any CPU
		{B96DC518-2ABC-4223-85F8-A0F1697A6FAC}.Release|Any CPU.Build.0 = Release|Any CPU
	EndGlobalSection
	GlobalSection(SolutionProperties) = preSolution
		HideSolutionNode = FALSE
	EndGlobalSection
	GlobalSection(ExtensibilityGlobals) = postSolution
		SolutionGuid = {6CCDDA43-DCBB-4DD3-9C82-750A524B51A3}
	EndGlobalSection
EndGlobal
